
Microsoft Visual Studio Solution File, Format Version 12.00
# Visual Studio Version 17
VisualStudioVersion = 17.0.31919.166
MinimumVisualStudioVersion = 10.0.40219.1
Project("{9A19103F-16F7-4668-BE54-9A1E7A4F7556}") = "ConsoleApp", "src\ConsoleApp\ConsoleApp.csproj", "{036F4842-98FC-4725-9E40-11C9F6A4E623}"
EndProject
Project("{2150E333-8FDC-42A3-9474-1A3956D46DE8}") = "0 - Solution Items", "0 - Solution Items", "{03243F43-0975-4776-A5D3-9BA7141293DA}"
	ProjectSection(SolutionItems) = preProject
		.editorconfig = .editorconfig
		.gitignore = .gitignore
		.gitlab-ci.yml = .gitlab-ci.yml
		Directory.Build.props = Directory.Build.props
		README.md = README.md
	EndProjectSection
EndProject
Project("{2150E333-8FDC-42A3-9474-1A3956D46DE8}") = "2 - Applications", "2 - Applications", "{F7D6E20F-DE5F-4FFB-8107-63CCDC503D6C}"
EndProject
Project("{2150E333-8FDC-42A3-9474-1A3956D46DE8}") = "1 - Libraries", "1 - Libraries", "{B952F0A1-0DB3-4D9F-BD49-C3DB6389FCB4}"
EndProject
Project("{9A19103F-16F7-4668-BE54-9A1E7A4F7556}") = "Domain", "src\Domain\Domain.csproj", "{D1571D48-39E0-439A-BF41-F7E038C41962}"
EndProject
Project("{9A19103F-16F7-4668-BE54-9A1E7A4F7556}") = "Infrastructure.ServiceNowRestApi", "src\Infrastructure.ServiceNowRestApi\Infrastructure.ServiceNowRestApi.csproj", "{D1503758-1C3A-4CB3-8C9C-AAD9D31B1E91}"
EndProject
Project("{9A19103F-16F7-4668-BE54-9A1E7A4F7556}") = "Infrastructure.ServiceNowRestApi.UnitTests", "test\Infrastructure.ServiceNowRestApi.UnitTests\Infrastructure.ServiceNowRestApi.UnitTests.csproj", "{B7668B23-D052-41E3-A4A4-FE2B919133FC}"
EndProject
Project("{9A19103F-16F7-4668-BE54-9A1E7A4F7556}") = "WebApi", "src\WebApi\WebApi.csproj", "{945D11A7-8AFC-4416-8D6F-775BDFD9B2B9}"
EndProject
Project("{9A19103F-16F7-4668-BE54-9A1E7A4F7556}") = "Application", "src\Application\Application.csproj", "{9F01E230-5B2E-46A0-B9DD-534E7A7A0BDB}"
EndProject
Global
	GlobalSection(SolutionConfigurationPlatforms) = preSolution
		Debug|Any CPU = Debug|Any CPU
		Release|Any CPU = Release|Any CPU
	EndGlobalSection
	GlobalSection(ProjectConfigurationPlatforms) = postSolution
		{036F4842-98FC-4725-9E40-11C9F6A4E623}.Debug|Any CPU.ActiveCfg = Debug|Any CPU
		{036F4842-98FC-4725-9E40-11C9F6A4E623}.Debug|Any CPU.Build.0 = Debug|Any CPU
		{036F4842-98FC-4725-9E40-11C9F6A4E623}.Release|Any CPU.ActiveCfg = Release|Any CPU
		{036F4842-98FC-4725-9E40-11C9F6A4E623}.Release|Any CPU.Build.0 = Release|Any CPU
		{D1571D48-39E0-439A-BF41-F7E038C41962}.Debug|Any CPU.ActiveCfg = Debug|Any CPU
		{D1571D48-39E0-439A-BF41-F7E038C41962}.Debug|Any CPU.Build.0 = Debug|Any CPU
		{D1571D48-39E0-439A-BF41-F7E038C41962}.Release|Any CPU.ActiveCfg = Release|Any CPU
		{D1571D48-39E0-439A-BF41-F7E038C41962}.Release|Any CPU.Build.0 = Release|Any CPU
		{D1503758-1C3A-4CB3-8C9C-AAD9D31B1E91}.Debug|Any CPU.ActiveCfg = Debug|Any CPU
		{D1503758-1C3A-4CB3-8C9C-AAD9D31B1E91}.Debug|Any CPU.Build.0 = Debug|Any CPU
		{D1503758-1C3A-4CB3-8C9C-AAD9D31B1E91}.Release|Any CPU.ActiveCfg = Release|Any CPU
		{D1503758-1C3A-4CB3-8C9C-AAD9D31B1E91}.Release|Any CPU.Build.0 = Release|Any CPU
		{B7668B23-D052-41E3-A4A4-FE2B919133FC}.Debug|Any CPU.ActiveCfg = Debug|Any CPU
		{B7668B23-D052-41E3-A4A4-FE2B919133FC}.Debug|Any CPU.Build.0 = Debug|Any CPU
		{B7668B23-D052-41E3-A4A4-FE2B919133FC}.Release|Any CPU.ActiveCfg = Release|Any CPU
		{B7668B23-D052-41E3-A4A4-FE2B919133FC}.Release|Any CPU.Build.0 = Release|Any CPU
		{945D11A7-8AFC-4416-8D6F-775BDFD9B2B9}.Debug|Any CPU.ActiveCfg = Debug|Any CPU
		{945D11A7-8AFC-4416-8D6F-775BDFD9B2B9}.Debug|Any CPU.Build.0 = Debug|Any CPU
		{945D11A7-8AFC-4416-8D6F-775BDFD9B2B9}.Release|Any CPU.ActiveCfg = Release|Any CPU
		{945D11A7-8AFC-4416-8D6F-775BDFD9B2B9}.Release|Any CPU.Build.0 = Release|Any CPU
		{9F01E230-5B2E-46A0-B9DD-534E7A7A0BDB}.Debug|Any CPU.ActiveCfg = Debug|Any CPU
		{9F01E230-5B2E-46A0-B9DD-534E7A7A0BDB}.Debug|Any CPU.Build.0 = Debug|Any CPU
		{9F01E230-5B2E-46A0-B9DD-534E7A7A0BDB}.Release|Any CPU.ActiveCfg = Release|Any CPU
		{9F01E230-5B2E-46A0-B9DD-534E7A7A0BDB}.Release|Any CPU.Build.0 = Release|Any CPU
	EndGlobalSection
	GlobalSection(SolutionProperties) = preSolution
		HideSolutionNode = FALSE
	EndGlobalSection
	GlobalSection(NestedProjects) = preSolution
		{036F4842-98FC-4725-9E40-11C9F6A4E623} = {F7D6E20F-DE5F-4FFB-8107-63CCDC503D6C}
		{D1571D48-39E0-439A-BF41-F7E038C41962} = {B952F0A1-0DB3-4D9F-BD49-C3DB6389FCB4}
		{D1503758-1C3A-4CB3-8C9C-AAD9D31B1E91} = {B952F0A1-0DB3-4D9F-BD49-C3DB6389FCB4}
		{B7668B23-D052-41E3-A4A4-FE2B919133FC} = {B952F0A1-0DB3-4D9F-BD49-C3DB6389FCB4}
		{945D11A7-8AFC-4416-8D6F-775BDFD9B2B9} = {F7D6E20F-DE5F-4FFB-8107-63CCDC503D6C}
		{9F01E230-5B2E-46A0-B9DD-534E7A7A0BDB} = {B952F0A1-0DB3-4D9F-BD49-C3DB6389FCB4}
	EndGlobalSection
	GlobalSection(ExtensibilityGlobals) = postSolution
		SolutionGuid = {CF38BCED-2352-4EDA-A4D5-1462CCD9C659}
	EndGlobalSection
EndGlobal
